// !$*UTF8*$!
{
	archiveVersion = 1;
	classes = {
	};
	objectVersion = 46;
	objects = {

/* Begin PBXBuildFile section */
		4FEE910F1CF7817E00664B40 /* functions.cpp in Sources */ = {isa = PBXBuildFile; fileRef = 4FEE91091CF7817E00664B40 /* functions.cpp */; };
		4FEE91101CF7817E00664B40 /* Task.cpp in Sources */ = {isa = PBXBuildFile; fileRef = 4FEE910B1CF7817E00664B40 /* Task.cpp */; };
		4FEE91111CF7817E00664B40 /* TaskList.cpp in Sources */ = {isa = PBXBuildFile; fileRef = 4FEE910D1CF7817E00664B40 /* TaskList.cpp */; };
		4FEE91131CF7818300664B40 /* project5.cpp in Sources */ = {isa = PBXBuildFile; fileRef = 4FEE91121CF7818300664B40 /* project5.cpp */; };
/* End PBXBuildFile section */

/* Begin PBXCopyFilesBuildPhase section */
		4FEE90AB1CF671FD00664B40 /* CopyFiles */ = {
			isa = PBXCopyFilesBuildPhase;
			buildActionMask = 2147483647;
			dstPath = /usr/share/man/man1/;
			dstSubfolderSpec = 0;
			files = (
			);
			runOnlyForDeploymentPostprocessing = 1;
		};
/* End PBXCopyFilesBuildPhase section */

/* Begin PBXFileReference section */
		4FEE90AD1CF671FD00664B40 /* VideoStoreLinkedList */ = {isa = PBXFileReference; explicitFileType = "compiled.mach-o.executable"; includeInIndex = 0; path = VideoStoreLinkedList; sourceTree = BUILT_PRODUCTS_DIR; };
		4FEE91091CF7817E00664B40 /* functions.cpp */ = {isa = PBXFileReference; fileEncoding = 4; lastKnownFileType = sourcecode.cpp.cpp; path = functions.cpp; sourceTree = "<group>"; };
		4FEE910A1CF7817E00664B40 /* functions.h */ = {isa = PBXFileReference; fileEncoding = 4; lastKnownFileType = sourcecode.c.h; path = functions.h; sourceTree = "<group>"; };
		4FEE910B1CF7817E00664B40 /* Task.cpp */ = {isa = PBXFileReference; fileEncoding = 4; lastKnownFileType = sourcecode.cpp.cpp; path = Task.cpp; sourceTree = "<group>"; };
		4FEE910C1CF7817E00664B40 /* Task.h */ = {isa = PBXFileReference; fileEncoding = 4; lastKnownFileType = sourcecode.c.h; path = Task.h; sourceTree = "<group>"; };
		4FEE910D1CF7817E00664B40 /* TaskList.cpp */ = {isa = PBXFileReference; fileEncoding = 4; lastKnownFileType = sourcecode.cpp.cpp; path = TaskList.cpp; sourceTree = "<group>"; };
		4FEE910E1CF7817E00664B40 /* TaskList.h */ = {isa = PBXFileReference; fileEncoding = 4; lastKnownFileType = sourcecode.c.h; path = TaskList.h; sourceTree = "<group>"; };
		4FEE91121CF7818300664B40 /* project5.cpp */ = {isa = PBXFileReference; fileEncoding = 4; lastKnownFileType = sourcecode.cpp.cpp; path = project5.cpp; sourceTree = "<group>"; };
/* End PBXFileReference section */

/* Begin PBXFrameworksBuildPhase section */
		4FEE90AA1CF671FD00664B40 /* Frameworks */ = {
			isa = PBXFrameworksBuildPhase;
			buildActionMask = 2147483647;
			files = (
			);
			runOnlyForDeploymentPostprocessing = 0;
		};
/* End PBXFrameworksBuildPhase section */

/* Begin PBXGroup section */
		4FEE90A41CF671FD00664B40 = {
			isa = PBXGroup;
			children = (
				4FEE90AF1CF671FD00664B40 /* VideoStoreLinkedList */,
				4FEE90AE1CF671FD00664B40 /* Products */,
			);
			sourceTree = "<group>";
		};
		4FEE90AE1CF671FD00664B40 /* Products */ = {
			isa = PBXGroup;
			children = (
				4FEE90AD1CF671FD00664B40 /* VideoStoreLinkedList */,
			);
			name = Products;
			sourceTree = "<group>";
		};
		4FEE90AF1CF671FD00664B40 /* VideoStoreLinkedList */ = {
			isa = PBXGroup;
			children = (
				4FEE91091CF7817E00664B40 /* functions.cpp */,
				4FEE910A1CF7817E00664B40 /* functions.h */,
				4FEE91121CF7818300664B40 /* project5.cpp */,
				4FEE910B1CF7817E00664B40 /* Task.cpp */,
				4FEE910C1CF7817E00664B40 /* Task.h */,
				4FEE910D1CF7817E00664B40 /* TaskList.cpp */,
				4FEE910E1CF7817E00664B40 /* TaskList.h */,
			);
			path = VideoStoreLinkedList;
			sourceTree = "<group>";
		};
/* End PBXGroup section */

/* Begin PBXNativeTarget section */
		4FEE90AC1CF671FD00664B40 /* VideoStoreLinkedList */ = {
			isa = PBXNativeTarget;
			buildConfigurationList = 4FEE90B41CF671FD00664B40 /* Build configuration list for PBXNativeTarget "VideoStoreLinkedList" */;
			buildPhases = (
				4FEE90A91CF671FD00664B40 /* Sources */,
				4FEE90AA1CF671FD00664B40 /* Frameworks */,
				4FEE90AB1CF671FD00664B40 /* CopyFiles */,
			);
			buildRules = (
			);
			dependencies = (
			);
			name = VideoStoreLinkedList;
			productName = VideoStoreLinkedList;
			productReference = 4FEE90AD1CF671FD00664B40 /* VideoStoreLinkedList */;
			productType = "com.apple.product-type.tool";
		};
/* End PBXNativeTarget section */

/* Begin PBXProject section */
		4FEE90A51CF671FD00664B40 /* Project object */ = {
			isa = PBXProject;
			attributes = {
				LastUpgradeCheck = 0730;
				ORGANIZATIONNAME = "Joshua Horejs";
				TargetAttributes = {
					4FEE90AC1CF671FD00664B40 = {
						CreatedOnToolsVersion = 7.3.1;
					};
				};
			};
			buildConfigurationList = 4FEE90A81CF671FD00664B40 /* Build configuration list for PBXProject "VideoStoreLinkedList" */;
			compatibilityVersion = "Xcode 3.2";
			developmentRegion = English;
			hasScannedForEncodings = 0;
			knownRegions = (
				en,
			);
			mainGroup = 4FEE90A41CF671FD00664B40;
			productRefGroup = 4FEE90AE1CF671FD00664B40 /* Products */;
			projectDirPath = "";
			projectRoot = "";
			targets = (
				4FEE90AC1CF671FD00664B40 /* VideoStoreLinkedList */,
			);
		};
/* End PBXProject section */

/* Begin PBXSourcesBuildPhase section */
		4FEE90A91CF671FD00664B40 /* Sources */ = {
			isa = PBXSourcesBuildPhase;
			buildActionMask = 2147483647;
			files = (
				4FEE910F1CF7817E00664B40 /* functions.cpp in Sources */,
				4FEE91101CF7817E00664B40 /* Task.cpp in Sources */,
				4FEE91111CF7817E00664B40 /* TaskList.cpp in Sources */,
				4FEE91131CF7818300664B40 /* project5.cpp in Sources */,
			);
			runOnlyForDeploymentPostprocessing = 0;
		};
/* End PBXSourcesBuildPhase section */

/* Begin XCBuildConfiguration section */
		4FEE90B21CF671FD00664B40 /* Debug */ = {
			isa = XCBuildConfiguration;
			buildSettings = {
				ALWAYS_SEARCH_USER_PATHS = NO;
				CLANG_ANALYZER_NONNULL = YES;
				CLANG_CXX_LANGUAGE_STANDARD = "gnu++0x";
				CLANG_CXX_LIBRARY = "libc++";
				CLANG_ENABLE_MODULES = YES;
				CLANG_ENABLE_OBJC_ARC = YES;
				CLANG_WARN_BOOL_CONVERSION = YES;
				CLANG_WARN_CONSTANT_CONVERSION = YES;
				CLANG_WARN_DIRECT_OBJC_ISA_USAGE = YES_ERROR;
				CLANG_WARN_EMPTY_BODY = YES;
				CLANG_WARN_ENUM_CONVERSION = YES;
				CLANG_WARN_INT_CONVERSION = YES;
				CLANG_WARN_OBJC_ROOT_CLASS = YES_ERROR;
				CLANG_WARN_UNREACHABLE_CODE = YES;
				CLANG_WARN__DUPLICATE_METHOD_MATCH = YES;
				CODE_SIGN_IDENTITY = "-";
				COPY_PHASE_STRIP = NO;
				DEBUG_INFORMATION_FORMAT = dwarf;
				ENABLE_STRICT_OBJC_MSGSEND = YES;
				ENABLE_TESTABILITY = YES;
				GCC_C_LANGUAGE_STANDARD = gnu99;
				GCC_DYNAMIC_NO_PIC = NO;
				GCC_NO_COMMON_BLOCKS = YES;
				GCC_OPTIMIZATION_LEVEL = 0;
				GCC_PREPROCESSOR_DEFINITIONS = (
					"DEBUG=1",
					"$(inherited)",
				);
				GCC_WARN_64_TO_32_BIT_CONVERSION = YES;
				GCC_WARN_ABOUT_RETURN_TYPE = YES_ERROR;
				GCC_WARN_UNDECLARED_SELECTOR = YES;
				GCC_WARN_UNINITIALIZED_AUTOS = YES_AGGRESSIVE;
				GCC_WARN_UNUSED_FUNCTION = YES;
				GCC_WARN_UNUSED_VARIABLE = YES;
				MACOSX_DEPLOYMENT_TARGET = 10.11;
				MTL_ENABLE_DEBUG_INFO = YES;
				ONLY_ACTIVE_ARCH = YES;
				SDKROOT = macosx;
			};
			name = Debug;
		};
		4FEE90B31CF671FD00664B40 /* Release */ = {
			isa = XCBuildConfiguration;
			buildSettings = {
				ALWAYS_SEARCH_USER_PATHS = NO;
				CLANG_ANALYZER_NONNULL = YES;
				CLANG_CXX_LANGUAGE_STANDARD = "gnu++0x";
				CLANG_CXX_LIBRARY = "libc++";
				CLANG_ENABLE_MODULES = YES;
				CLANG_ENABLE_OBJC_ARC = YES;
				CLANG_WARN_BOOL_CONVERSION = YES;
				CLANG_WARN_CONSTANT_CONVERSION = YES;
				CLANG_WARN_DIRECT_OBJC_ISA_USAGE = YES_ERROR;
				CLANG_WARN_EMPTY_BODY = YES;
				CLANG_WARN_ENUM_CONVERSION = YES;
				CLANG_WARN_INT_CONVERSION = YES;
				CLANG_WARN_OBJC_ROOT_CLASS = YES_ERROR;
				CLANG_WARN_UNREACHABLE_CODE = YES;
				CLANG_WARN__DUPLICATE_METHOD_MATCH = YES;
				CODE_SIGN_IDENTITY = "-";
				COPY_PHASE_STRIP = NO;
				DEBUG_INFORMATION_FORMAT = "dwarf-with-dsym";
				ENABLE_NS_ASSERTIONS = NO;
				ENABLE_STRICT_OBJC_MSGSEND = YES;
				GCC_C_LANGUAGE_STANDARD = gnu99;
				GCC_NO_COMMON_BLOCKS = YES;
				GCC_WARN_64_TO_32_BIT_CONVERSION = YES;
				GCC_WARN_ABOUT_RETURN_TYPE = YES_ERROR;
				GCC_WARN_UNDECLARED_SELECTOR = YES;
				GCC_WARN_UNINITIALIZED_AUTOS = YES_AGGRESSIVE;
				GCC_WARN_UNUSED_FUNCTION = YES;
				GCC_WARN_UNUSED_VARIABLE = YES;
				MACOSX_DEPLOYMENT_TARGET = 10.11;
				MTL_ENABLE_DEBUG_INFO = NO;
				SDKROOT = macosx;
			};
			name = Release;
		};
		4FEE90B51CF671FD00664B40 /* Debug */ = {
			isa = XCBuildConfiguration;
			buildSettings = {
				PRODUCT_NAME = "$(TARGET_NAME)";
			};
			name = Debug;
		};
		4FEE90B61CF671FD00664B40 /* Release */ = {
			isa = XCBuildConfiguration;
			buildSettings = {
				PRODUCT_NAME = "$(TARGET_NAME)";
			};
			name = Release;
		};
/* End XCBuildConfiguration section */

/* Begin XCConfigurationList section */
		4FEE90A81CF671FD00664B40 /* Build configuration list for PBXProject "VideoStoreLinkedList" */ = {
			isa = XCConfigurationList;
			buildConfigurations = (
				4FEE90B21CF671FD00664B40 /* Debug */,
				4FEE90B31CF671FD00664B40 /* Release */,
			);
			defaultConfigurationIsVisible = 0;
			defaultConfigurationName = Release;
		};
		4FEE90B41CF671FD00664B40 /* Build configuration list for PBXNativeTarget "VideoStoreLinkedList" */ = {
			isa = XCConfigurationList;
			buildConfigurations = (
				4FEE90B51CF671FD00664B40 /* Debug */,
				4FEE90B61CF671FD00664B40 /* Release */,
			);
			defaultConfigurationIsVisible = 0;
			defaultConfigurationName = Release;
		};
/* End XCConfigurationList section */
	};
	rootObject = 4FEE90A51CF671FD00664B40 /* Project object */;
}
